
Microsoft Visual Studio Solution File, Format Version 12.00
# Visual Studio Version 16
VisualStudioVersion = 16.0.31424.327
MinimumVisualStudioVersion = 10.0.40219.1
Project("{FAE04EC0-301F-11D3-BF4B-00C04F79EFBC}") = "EmployeesAndDepartmentsAPI", "EmployeesAndDepartmentsAPI\EmployeesAndDepartmentsAPI.csproj", "{B7B7E004-9E36-45C6-835C-80CA7710AA49}"
EndProject
Global
	GlobalSection(SolutionConfigurationPlatforms) = preSolution
		Debug|Any CPU = Debug|Any CPU
		Release|Any CPU = Release|Any CPU
	EndGlobalSection
	GlobalSection(ProjectConfigurationPlatforms) = postSolution
		{B7B7E004-9E36-45C6-835C-80CA7710AA49}.Debug|Any CPU.ActiveCfg = Debug|Any CPU
		{B7B7E004-9E36-45C6-835C-80CA7710AA49}.Debug|Any CPU.Build.0 = Debug|Any CPU
		{B7B7E004-9E36-45C6-835C-80CA7710AA49}.Release|Any CPU.ActiveCfg = Release|Any CPU
		{B7B7E004-9E36-45C6-835C-80CA7710AA49}.Release|Any CPU.Build.0 = Release|Any CPU
	EndGlobalSection
	GlobalSection(SolutionProperties) = preSolution
		HideSolutionNode = FALSE
	EndGlobalSection
	GlobalSection(ExtensibilityGlobals) = postSolution
		SolutionGuid = {3C2A965B-BB44-401C-BEF0-77C5787C8D1E}
	EndGlobalSection
EndGlobal
